
Microsoft Visual Studio Solution File, Format Version 12.00
# Visual Studio Version 17
VisualStudioVersion = 17.2.32516.85
MinimumVisualStudioVersion = 10.0.40219.1
Project("{9A19103F-16F7-4668-BE54-9A1E7A4F7556}") = "TonightPerfume.Domain", "TonightPerfume.Domain\TonightPerfume.Domain.csproj", "{7020FD60-B27F-452F-9BB9-6B4AEB76A8D4}"
EndProject
Project("{9A19103F-16F7-4668-BE54-9A1E7A4F7556}") = "TonightPerfume.Data", "TonightPerfume.Data\TonightPerfume.Data.csproj", "{F76625D0-498B-456C-B642-BC1A091269D7}"
EndProject
Project("{9A19103F-16F7-4668-BE54-9A1E7A4F7556}") = "TonightPerfume.Service", "TonightPerfume.Service\TonightPerfume.Service.csproj", "{79EDF7AD-ABFE-41D1-9396-1F6E43E078BE}"
EndProject
Project("{9A19103F-16F7-4668-BE54-9A1E7A4F7556}") = "TonightPerfume.API", "TonightPerfume.API\TonightPerfume.API.csproj", "{2073FB19-C5CD-4956-BF06-49A243CD318E}"
EndProject
Global
	GlobalSection(SolutionConfigurationPlatforms) = preSolution
		Debug|Any CPU = Debug|Any CPU
		Release|Any CPU = Release|Any CPU
	EndGlobalSection
	GlobalSection(ProjectConfigurationPlatforms) = postSolution
		{7020FD60-B27F-452F-9BB9-6B4AEB76A8D4}.Debug|Any CPU.ActiveCfg = Debug|Any CPU
		{7020FD60-B27F-452F-9BB9-6B4AEB76A8D4}.Debug|Any CPU.Build.0 = Debug|Any CPU
		{7020FD60-B27F-452F-9BB9-6B4AEB76A8D4}.Release|Any CPU.ActiveCfg = Release|Any CPU
		{7020FD60-B27F-452F-9BB9-6B4AEB76A8D4}.Release|Any CPU.Build.0 = Release|Any CPU
		{F76625D0-498B-456C-B642-BC1A091269D7}.Debug|Any CPU.ActiveCfg = Debug|Any CPU
		{F76625D0-498B-456C-B642-BC1A091269D7}.Debug|Any CPU.Build.0 = Debug|Any CPU
		{F76625D0-498B-456C-B642-BC1A091269D7}.Release|Any CPU.ActiveCfg = Release|Any CPU
		{F76625D0-498B-456C-B642-BC1A091269D7}.Release|Any CPU.Build.0 = Release|Any CPU
		{79EDF7AD-ABFE-41D1-9396-1F6E43E078BE}.Debug|Any CPU.ActiveCfg = Debug|Any CPU
		{79EDF7AD-ABFE-41D1-9396-1F6E43E078BE}.Debug|Any CPU.Build.0 = Debug|Any CPU
		{79EDF7AD-ABFE-41D1-9396-1F6E43E078BE}.Release|Any CPU.ActiveCfg = Release|Any CPU
		{79EDF7AD-ABFE-41D1-9396-1F6E43E078BE}.Release|Any CPU.Build.0 = Release|Any CPU
		{2073FB19-C5CD-4956-BF06-49A243CD318E}.Debug|Any CPU.ActiveCfg = Debug|Any CPU
		{2073FB19-C5CD-4956-BF06-49A243CD318E}.Debug|Any CPU.Build.0 = Debug|Any CPU
		{2073FB19-C5CD-4956-BF06-49A243CD318E}.Release|Any CPU.ActiveCfg = Release|Any CPU
		{2073FB19-C5CD-4956-BF06-49A243CD318E}.Release|Any CPU.Build.0 = Release|Any CPU
	EndGlobalSection
	GlobalSection(SolutionProperties) = preSolution
		HideSolutionNode = FALSE
	EndGlobalSection
	GlobalSection(ExtensibilityGlobals) = postSolution
		SolutionGuid = {E7F48AE3-D9C0-425E-A305-8E8F8FEAD113}
	EndGlobalSection
EndGlobal
